
Microsoft Visual Studio Solution File, Format Version 12.00
# Visual Studio Version 17
VisualStudioVersion = 17.11.35303.130
MinimumVisualStudioVersion = 10.0.40219.1
Project("{FAE04EC0-301F-11D3-BF4B-00C04F79EFBC}") = "Proyecto_Final", "Proyecto_Final\Proyecto_Final.csproj", "{87147347-B9B1-49BF-8CC2-DE76D14CCEEA}"
EndProject
Global
	GlobalSection(SolutionConfigurationPlatforms) = preSolution
		Debug|Any CPU = Debug|Any CPU
		Release|Any CPU = Release|Any CPU
	EndGlobalSection
	GlobalSection(ProjectConfigurationPlatforms) = postSolution
		{87147347-B9B1-49BF-8CC2-DE76D14CCEEA}.Debug|Any CPU.ActiveCfg = Debug|Any CPU
		{87147347-B9B1-49BF-8CC2-DE76D14CCEEA}.Debug|Any CPU.Build.0 = Debug|Any CPU
		{87147347-B9B1-49BF-8CC2-DE76D14CCEEA}.Release|Any CPU.ActiveCfg = Release|Any CPU
		{87147347-B9B1-49BF-8CC2-DE76D14CCEEA}.Release|Any CPU.Build.0 = Release|Any CPU
	EndGlobalSection
	GlobalSection(SolutionProperties) = preSolution
		HideSolutionNode = FALSE
	EndGlobalSection
	GlobalSection(ExtensibilityGlobals) = postSolution
		SolutionGuid = {8427F688-DBF5-4720-B5E9-A5E6C41F11EB}
	EndGlobalSection
EndGlobal
